
Microsoft Visual Studio Solution File, Format Version 12.00
# Visual Studio Version 17
VisualStudioVersion = 17.11.35327.3
MinimumVisualStudioVersion = 10.0.40219.1
Project("{FAE04EC0-301F-11D3-BF4B-00C04F79EFBC}") = "set1Ex6", "set1Ex6.csproj", "{CA2DC03F-C76A-400F-A78A-767D01916CD6}"
EndProject
Global
	GlobalSection(SolutionConfigurationPlatforms) = preSolution
		Debug|Any CPU = Debug|Any CPU
		Release|Any CPU = Release|Any CPU
	EndGlobalSection
	GlobalSection(ProjectConfigurationPlatforms) = postSolution
		{CA2DC03F-C76A-400F-A78A-767D01916CD6}.Debug|Any CPU.ActiveCfg = Debug|Any CPU
		{CA2DC03F-C76A-400F-A78A-767D01916CD6}.Debug|Any CPU.Build.0 = Debug|Any CPU
		{CA2DC03F-C76A-400F-A78A-767D01916CD6}.Release|Any CPU.ActiveCfg = Release|Any CPU
		{CA2DC03F-C76A-400F-A78A-767D01916CD6}.Release|Any CPU.Build.0 = Release|Any CPU
	EndGlobalSection
	GlobalSection(SolutionProperties) = preSolution
		HideSolutionNode = FALSE
	EndGlobalSection
	GlobalSection(ExtensibilityGlobals) = postSolution
		SolutionGuid = {5A5210E3-7ADB-46A4-8F73-EEB6717E3FDC}
	EndGlobalSection
EndGlobal
